// !$*UTF8*$!
{
	archiveVersion = 1;
	classes = {
	};
	objectVersion = 46;
	objects = {

/* Begin PBXBuildFile section */
		521205A11A9C1FD800E346EE /* AppDelegate.swift in Sources */ = {isa = PBXBuildFile; fileRef = 521205A01A9C1FD800E346EE /* AppDelegate.swift */; };
		521205A31A9C1FD800E346EE /* ViewController.swift in Sources */ = {isa = PBXBuildFile; fileRef = 521205A21A9C1FD800E346EE /* ViewController.swift */; };
		521205A51A9C1FD800E346EE /* Images.xcassets in Resources */ = {isa = PBXBuildFile; fileRef = 521205A41A9C1FD800E346EE /* Images.xcassets */; };
		521205A81A9C1FD800E346EE /* Main.storyboard in Resources */ = {isa = PBXBuildFile; fileRef = 521205A61A9C1FD800E346EE /* Main.storyboard */; };
		521205B41A9C1FD800E346EE /* MazesTests.swift in Sources */ = {isa = PBXBuildFile; fileRef = 521205B31A9C1FD800E346EE /* MazesTests.swift */; };
/* End PBXBuildFile section */

/* Begin PBXContainerItemProxy section */
		521205AE1A9C1FD800E346EE /* PBXContainerItemProxy */ = {
			isa = PBXContainerItemProxy;
			containerPortal = 521205931A9C1FD800E346EE /* Project object */;
			proxyType = 1;
			remoteGlobalIDString = 5212059A1A9C1FD800E346EE;
			remoteInfo = Mazes;
		};
/* End PBXContainerItemProxy section */

/* Begin PBXFileReference section */
		5212059B1A9C1FD800E346EE /* Mazes.app */ = {isa = PBXFileReference; explicitFileType = wrapper.application; includeInIndex = 0; path = Mazes.app; sourceTree = BUILT_PRODUCTS_DIR; };
		5212059F1A9C1FD800E346EE /* Info.plist */ = {isa = PBXFileReference; lastKnownFileType = text.plist.xml; path = Info.plist; sourceTree = "<group>"; };
		521205A01A9C1FD800E346EE /* AppDelegate.swift */ = {isa = PBXFileReference; lastKnownFileType = sourcecode.swift; path = AppDelegate.swift; sourceTree = "<group>"; };
		521205A21A9C1FD800E346EE /* ViewController.swift */ = {isa = PBXFileReference; lastKnownFileType = sourcecode.swift; path = ViewController.swift; sourceTree = "<group>"; };
		521205A41A9C1FD800E346EE /* Images.xcassets */ = {isa = PBXFileReference; lastKnownFileType = folder.assetcatalog; path = Images.xcassets; sourceTree = "<group>"; };
		521205A71A9C1FD800E346EE /* Base */ = {isa = PBXFileReference; lastKnownFileType = file.storyboard; name = Base; path = Base.lproj/Main.storyboard; sourceTree = "<group>"; };
		521205AD1A9C1FD800E346EE /* MazesTests.xctest */ = {isa = PBXFileReference; explicitFileType = wrapper.cfbundle; includeInIndex = 0; path = MazesTests.xctest; sourceTree = BUILT_PRODUCTS_DIR; };
		521205B21A9C1FD800E346EE /* Info.plist */ = {isa = PBXFileReference; lastKnownFileType = text.plist.xml; path = Info.plist; sourceTree = "<group>"; };
		521205B31A9C1FD800E346EE /* MazesTests.swift */ = {isa = PBXFileReference; lastKnownFileType = sourcecode.swift; path = MazesTests.swift; sourceTree = "<group>"; };
/* End PBXFileReference section */

/* Begin PBXFrameworksBuildPhase section */
		521205981A9C1FD800E346EE /* Frameworks */ = {
			isa = PBXFrameworksBuildPhase;
			buildActionMask = 2147483647;
			files = (
			);
			runOnlyForDeploymentPostprocessing = 0;
		};
		521205AA1A9C1FD800E346EE /* Frameworks */ = {
			isa = PBXFrameworksBuildPhase;
			buildActionMask = 2147483647;
			files = (
			);
			runOnlyForDeploymentPostprocessing = 0;
		};
/* End PBXFrameworksBuildPhase section */

/* Begin PBXGroup section */
		521205921A9C1FD800E346EE = {
			isa = PBXGroup;
			children = (
				5212059D1A9C1FD800E346EE /* Mazes */,
				521205B01A9C1FD800E346EE /* MazesTests */,
				5212059C1A9C1FD800E346EE /* Products */,
			);
			sourceTree = "<group>";
		};
		5212059C1A9C1FD800E346EE /* Products */ = {
			isa = PBXGroup;
			children = (
				5212059B1A9C1FD800E346EE /* Mazes.app */,
				521205AD1A9C1FD800E346EE /* MazesTests.xctest */,
			);
			name = Products;
			sourceTree = "<group>";
		};
		5212059D1A9C1FD800E346EE /* Mazes */ = {
			isa = PBXGroup;
			children = (
				521205A01A9C1FD800E346EE /* AppDelegate.swift */,
				521205A21A9C1FD800E346EE /* ViewController.swift */,
				521205A41A9C1FD800E346EE /* Images.xcassets */,
				521205A61A9C1FD800E346EE /* Main.storyboard */,
				5212059E1A9C1FD800E346EE /* Supporting Files */,
			);
			path = Mazes;
			sourceTree = "<group>";
		};
		5212059E1A9C1FD800E346EE /* Supporting Files */ = {
			isa = PBXGroup;
			children = (
				5212059F1A9C1FD800E346EE /* Info.plist */,
			);
			name = "Supporting Files";
			sourceTree = "<group>";
		};
		521205B01A9C1FD800E346EE /* MazesTests */ = {
			isa = PBXGroup;
			children = (
				521205B31A9C1FD800E346EE /* MazesTests.swift */,
				521205B11A9C1FD800E346EE /* Supporting Files */,
			);
			path = MazesTests;
			sourceTree = "<group>";
		};
		521205B11A9C1FD800E346EE /* Supporting Files */ = {
			isa = PBXGroup;
			children = (
				521205B21A9C1FD800E346EE /* Info.plist */,
			);
			name = "Supporting Files";
			sourceTree = "<group>";
		};
/* End PBXGroup section */

/* Begin PBXNativeTarget section */
		5212059A1A9C1FD800E346EE /* Mazes */ = {
			isa = PBXNativeTarget;
			buildConfigurationList = 521205B71A9C1FD800E346EE /* Build configuration list for PBXNativeTarget "Mazes" */;
			buildPhases = (
				521205971A9C1FD800E346EE /* Sources */,
				521205981A9C1FD800E346EE /* Frameworks */,
				521205991A9C1FD800E346EE /* Resources */,
			);
			buildRules = (
			);
			dependencies = (
			);
			name = Mazes;
			productName = Mazes;
			productReference = 5212059B1A9C1FD800E346EE /* Mazes.app */;
			productType = "com.apple.product-type.application";
		};
		521205AC1A9C1FD800E346EE /* MazesTests */ = {
			isa = PBXNativeTarget;
			buildConfigurationList = 521205BA1A9C1FD800E346EE /* Build configuration list for PBXNativeTarget "MazesTests" */;
			buildPhases = (
				521205A91A9C1FD800E346EE /* Sources */,
				521205AA1A9C1FD800E346EE /* Frameworks */,
				521205AB1A9C1FD800E346EE /* Resources */,
			);
			buildRules = (
			);
			dependencies = (
				521205AF1A9C1FD800E346EE /* PBXTargetDependency */,
			);
			name = MazesTests;
			productName = MazesTests;
			productReference = 521205AD1A9C1FD800E346EE /* MazesTests.xctest */;
			productType = "com.apple.product-type.bundle.unit-test";
		};
/* End PBXNativeTarget section */

/* Begin PBXProject section */
		521205931A9C1FD800E346EE /* Project object */ = {
			isa = PBXProject;
			attributes = {
				LastUpgradeCheck = 0630;
				ORGANIZATIONNAME = "Ronald Mannak";
				TargetAttributes = {
					5212059A1A9C1FD800E346EE = {
						CreatedOnToolsVersion = 6.3;
					};
					521205AC1A9C1FD800E346EE = {
						CreatedOnToolsVersion = 6.3;
						TestTargetID = 5212059A1A9C1FD800E346EE;
					};
				};
			};
			buildConfigurationList = 521205961A9C1FD800E346EE /* Build configuration list for PBXProject "Mazes" */;
			compatibilityVersion = "Xcode 3.2";
			developmentRegion = English;
			hasScannedForEncodings = 0;
			knownRegions = (
				en,
				Base,
			);
			mainGroup = 521205921A9C1FD800E346EE;
			productRefGroup = 5212059C1A9C1FD800E346EE /* Products */;
			projectDirPath = "";
			projectRoot = "";
			targets = (
				5212059A1A9C1FD800E346EE /* Mazes */,
				521205AC1A9C1FD800E346EE /* MazesTests */,
			);
		};
/* End PBXProject section */

/* Begin PBXResourcesBuildPhase section */
		521205991A9C1FD800E346EE /* Resources */ = {
			isa = PBXResourcesBuildPhase;
			buildActionMask = 2147483647;
			files = (
				521205A51A9C1FD800E346EE /* Images.xcassets in Resources */,
				521205A81A9C1FD800E346EE /* Main.storyboard in Resources */,
			);
			runOnlyForDeploymentPostprocessing = 0;
		};
		521205AB1A9C1FD800E346EE /* Resources */ = {
			isa = PBXResourcesBuildPhase;
			buildActionMask = 2147483647;
			files = (
			);
			runOnlyForDeploymentPostprocessing = 0;
		};
/* End PBXResourcesBuildPhase section */

/* Begin PBXSourcesBuildPhase section */
		521205971A9C1FD800E346EE /* Sources */ = {
			isa = PBXSourcesBuildPhase;
			buildActionMask = 2147483647;
			files = (
				521205A31A9C1FD800E346EE /* ViewController.swift in Sources */,
				521205A11A9C1FD800E346EE /* AppDelegate.swift in Sources */,
			);
			runOnlyForDeploymentPostprocessing = 0;
		};
		521205A91A9C1FD800E346EE /* Sources */ = {
			isa = PBXSourcesBuildPhase;
			buildActionMask = 2147483647;
			files = (
				521205B41A9C1FD800E346EE /* MazesTests.swift in Sources */,
			);
			runOnlyForDeploymentPostprocessing = 0;
		};
/* End PBXSourcesBuildPhase section */

/* Begin PBXTargetDependency section */
		521205AF1A9C1FD800E346EE /* PBXTargetDependency */ = {
			isa = PBXTargetDependency;
			target = 5212059A1A9C1FD800E346EE /* Mazes */;
			targetProxy = 521205AE1A9C1FD800E346EE /* PBXContainerItemProxy */;
		};
/* End PBXTargetDependency section */

/* Begin PBXVariantGroup section */
		521205A61A9C1FD800E346EE /* Main.storyboard */ = {
			isa = PBXVariantGroup;
			children = (
				521205A71A9C1FD800E346EE /* Base */,
			);
			name = Main.storyboard;
			sourceTree = "<group>";
		};
/* End PBXVariantGroup section */

/* Begin XCBuildConfiguration section */
		521205B51A9C1FD800E346EE /* Debug */ = {
			isa = XCBuildConfiguration;
			buildSettings = {
				ALWAYS_SEARCH_USER_PATHS = NO;
				CLANG_CXX_LANGUAGE_STANDARD = "gnu++0x";
				CLANG_CXX_LIBRARY = "libc++";
				CLANG_ENABLE_MODULES = YES;
				CLANG_ENABLE_OBJC_ARC = YES;
				CLANG_WARN_BOOL_CONVERSION = YES;
				CLANG_WARN_CONSTANT_CONVERSION = YES;
				CLANG_WARN_DIRECT_OBJC_ISA_USAGE = YES_ERROR;
				CLANG_WARN_EMPTY_BODY = YES;
				CLANG_WARN_ENUM_CONVERSION = YES;
				CLANG_WARN_INT_CONVERSION = YES;
				CLANG_WARN_OBJC_ROOT_CLASS = YES_ERROR;
				CLANG_WARN_UNREACHABLE_CODE = YES;
				CLANG_WARN__DUPLICATE_METHOD_MATCH = YES;
				CODE_SIGN_IDENTITY = "-";
				COPY_PHASE_STRIP = NO;
				DEBUG_INFORMATION_FORMAT = dwarf;
				ENABLE_STRICT_OBJC_MSGSEND = YES;
				GCC_C_LANGUAGE_STANDARD = gnu99;
				GCC_DYNAMIC_NO_PIC = NO;
				GCC_NO_COMMON_BLOCKS = YES;
				GCC_OPTIMIZATION_LEVEL = 0;
				GCC_PREPROCESSOR_DEFINITIONS = (
					"DEBUG=1",
					"$(inherited)",
				);
				GCC_SYMBOLS_PRIVATE_EXTERN = NO;
				GCC_WARN_64_TO_32_BIT_CONVERSION = YES;
				GCC_WARN_ABOUT_RETURN_TYPE = YES_ERROR;
				GCC_WARN_UNDECLARED_SELECTOR = YES;
				GCC_WARN_UNINITIALIZED_AUTOS = YES_AGGRESSIVE;
				GCC_WARN_UNUSED_FUNCTION = YES;
				GCC_WARN_UNUSED_VARIABLE = YES;
				MACOSX_DEPLOYMENT_TARGET = 10.10;
				MTL_ENABLE_DEBUG_INFO = YES;
				ONLY_ACTIVE_ARCH = YES;
				SDKROOT = macosx;
				SWIFT_OPTIMIZATION_LEVEL = "-Onone";
			};
			name = Debug;
		};
		521205B61A9C1FD800E346EE /* Release */ = {
			isa = XCBuildConfiguration;
			buildSettings = {
				ALWAYS_SEARCH_USER_PATHS = NO;
				CLANG_CXX_LANGUAGE_STANDARD = "gnu++0x";
				CLANG_CXX_LIBRARY = "libc++";
				CLANG_ENABLE_MODULES = YES;
				CLANG_ENABLE_OBJC_ARC = YES;
				CLANG_WARN_BOOL_CONVERSION = YES;
				CLANG_WARN_CONSTANT_CONVERSION = YES;
				CLANG_WARN_DIRECT_OBJC_ISA_USAGE = YES_ERROR;
				CLANG_WARN_EMPTY_BODY = YES;
				CLANG_WARN_ENUM_CONVERSION = YES;
				CLANG_WARN_INT_CONVERSION = YES;
				CLANG_WARN_OBJC_ROOT_CLASS = YES_ERROR;
				CLANG_WARN_UNREACHABLE_CODE = YES;
				CLANG_WARN__DUPLICATE_METHOD_MATCH = YES;
				CODE_SIGN_IDENTITY = "-";
				COPY_PHASE_STRIP = NO;
				DEBUG_INFORMATION_FORMAT = "dwarf-with-dsym";
				ENABLE_NS_ASSERTIONS = NO;
				ENABLE_STRICT_OBJC_MSGSEND = YES;
				GCC_C_LANGUAGE_STANDARD = gnu99;
				GCC_NO_COMMON_BLOCKS = YES;
				GCC_WARN_64_TO_32_BIT_CONVERSION = YES;
				GCC_WARN_ABOUT_RETURN_TYPE = YES_ERROR;
				GCC_WARN_UNDECLARED_SELECTOR = YES;
				GCC_WARN_UNINITIALIZED_AUTOS = YES_AGGRESSIVE;
				GCC_WARN_UNUSED_FUNCTION = YES;
				GCC_WARN_UNUSED_VARIABLE = YES;
				MACOSX_DEPLOYMENT_TARGET = 10.10;
				MTL_ENABLE_DEBUG_INFO = NO;
				SDKROOT = macosx;
			};
			name = Release;
		};
		521205B81A9C1FD800E346EE /* Debug */ = {
			isa = XCBuildConfiguration;
			buildSettings = {
				ASSETCATALOG_COMPILER_APPICON_NAME = AppIcon;
				COMBINE_HIDPI_IMAGES = YES;
				INFOPLIST_FILE = Mazes/Info.plist;
				LD_RUNPATH_SEARCH_PATHS = "$(inherited) @executable_path/../Frameworks";
				PRODUCT_NAME = "$(TARGET_NAME)";
			};
			name = Debug;
		};
		521205B91A9C1FD800E346EE /* Release */ = {
			isa = XCBuildConfiguration;
			buildSettings = {
				ASSETCATALOG_COMPILER_APPICON_NAME = AppIcon;
				COMBINE_HIDPI_IMAGES = YES;
				INFOPLIST_FILE = Mazes/Info.plist;
				LD_RUNPATH_SEARCH_PATHS = "$(inherited) @executable_path/../Frameworks";
				PRODUCT_NAME = "$(TARGET_NAME)";
			};
			name = Release;
		};
		521205BB1A9C1FD800E346EE /* Debug */ = {
			isa = XCBuildConfiguration;
			buildSettings = {
				BUNDLE_LOADER = "$(TEST_HOST)";
				COMBINE_HIDPI_IMAGES = YES;
				FRAMEWORK_SEARCH_PATHS = (
					"$(DEVELOPER_FRAMEWORKS_DIR)",
					"$(inherited)",
				);
				GCC_PREPROCESSOR_DEFINITIONS = (
					"DEBUG=1",
					"$(inherited)",
				);
				INFOPLIST_FILE = MazesTests/Info.plist;
				LD_RUNPATH_SEARCH_PATHS = "$(inherited) @executable_path/../Frameworks @loader_path/../Frameworks";
				PRODUCT_NAME = "$(TARGET_NAME)";
				TEST_HOST = "$(BUILT_PRODUCTS_DIR)/Mazes.app/Contents/MacOS/Mazes";
			};
			name = Debug;
		};
		521205BC1A9C1FD800E346EE /* Release */ = {
			isa = XCBuildConfiguration;
			buildSettings = {
				BUNDLE_LOADER = "$(TEST_HOST)";
				COMBINE_HIDPI_IMAGES = YES;
				FRAMEWORK_SEARCH_PATHS = (
					"$(DEVELOPER_FRAMEWORKS_DIR)",
					"$(inherited)",
				);
				INFOPLIST_FILE = MazesTests/Info.plist;
				LD_RUNPATH_SEARCH_PATHS = "$(inherited) @executable_path/../Frameworks @loader_path/../Frameworks";
				PRODUCT_NAME = "$(TARGET_NAME)";
				TEST_HOST = "$(BUILT_PRODUCTS_DIR)/Mazes.app/Contents/MacOS/Mazes";
			};
			name = Release;
		};
/* End XCBuildConfiguration section */

/* Begin XCConfigurationList section */
		521205961A9C1FD800E346EE /* Build configuration list for PBXProject "Mazes" */ = {
			isa = XCConfigurationList;
			buildConfigurations = (
				521205B51A9C1FD800E346EE /* Debug */,
				521205B61A9C1FD800E346EE /* Release */,
			);
			defaultConfigurationIsVisible = 0;
			defaultConfigurationName = Release;
		};
		521205B71A9C1FD800E346EE /* Build configuration list for PBXNativeTarget "Mazes" */ = {
			isa = XCConfigurationList;
			buildConfigurations = (
				521205B81A9C1FD800E346EE /* Debug */,
				521205B91A9C1FD800E346EE /* Release */,
			);
			defaultConfigurationIsVisible = 0;
		};
		521205BA1A9C1FD800E346EE /* Build configuration list for PBXNativeTarget "MazesTests" */ = {
			isa = XCConfigurationList;
			buildConfigurations = (
				521205BB1A9C1FD800E346EE /* Debug */,
				521205BC1A9C1FD800E346EE /* Release */,
			);
			defaultConfigurationIsVisible = 0;
		};
/* End XCConfigurationList section */
	};
	rootObject = 521205931A9C1FD800E346EE /* Project object */;
}
